
Microsoft Visual Studio Solution File, Format Version 12.00
# Visual Studio Version 16
VisualStudioVersion = 16.0.30621.155
MinimumVisualStudioVersion = 10.0.40219.1
Project("{FAE04EC0-301F-11D3-BF4B-00C04F79EFBC}") = "Cw3", "Cw3\Cw3.csproj", "{7CD72212-A22C-4FC8-9606-35E2E12200E0}"
EndProject
Global
	GlobalSection(SolutionConfigurationPlatforms) = preSolution
		Debug|Any CPU = Debug|Any CPU
		Release|Any CPU = Release|Any CPU
	EndGlobalSection
	GlobalSection(ProjectConfigurationPlatforms) = postSolution
		{7CD72212-A22C-4FC8-9606-35E2E12200E0}.Debug|Any CPU.ActiveCfg = Debug|Any CPU
		{7CD72212-A22C-4FC8-9606-35E2E12200E0}.Debug|Any CPU.Build.0 = Debug|Any CPU
		{7CD72212-A22C-4FC8-9606-35E2E12200E0}.Release|Any CPU.ActiveCfg = Release|Any CPU
		{7CD72212-A22C-4FC8-9606-35E2E12200E0}.Release|Any CPU.Build.0 = Release|Any CPU
	EndGlobalSection
	GlobalSection(SolutionProperties) = preSolution
		HideSolutionNode = FALSE
	EndGlobalSection
	GlobalSection(ExtensibilityGlobals) = postSolution
		SolutionGuid = {92D06B07-120B-4011-8A85-EB30924EF1B4}
	EndGlobalSection
EndGlobal
